
Microsoft Visual Studio Solution File, Format Version 12.00
# Visual Studio Version 17
VisualStudioVersion = 17.5.33424.131
MinimumVisualStudioVersion = 10.0.40219.1
Project("{9A19103F-16F7-4668-BE54-9A1E7A4F7556}") = "API", "API\API.csproj", "{F6E024BB-88BD-43F1-8ABF-0D8919A138BB}"
EndProject
Project("{9A19103F-16F7-4668-BE54-9A1E7A4F7556}") = "API.Application", "API.Application\API.Application.csproj", "{C5454A42-3848-4196-9545-902E2E06B0CF}"
EndProject
Project("{9A19103F-16F7-4668-BE54-9A1E7A4F7556}") = "API.Infrastructure", "API.Infrastructure\API.Infrastructure.csproj", "{D6FAC127-FDAB-4449-9A76-4B1D84236079}"
EndProject
Project("{9A19103F-16F7-4668-BE54-9A1E7A4F7556}") = "API.Domain", "API.Domain\API.Domain.csproj", "{25E84699-38D4-410B-80F6-0E9A3539ABC1}"
EndProject
Project("{FAE04EC0-301F-11D3-BF4B-00C04F79EFBC}") = "API.Test", "API.Test\API.Test.csproj", "{C69DC7C9-4DCB-4D55-B58A-BE9B7B9D3375}"
EndProject
Global
	GlobalSection(SolutionConfigurationPlatforms) = preSolution
		Debug|Any CPU = Debug|Any CPU
		Release|Any CPU = Release|Any CPU
	EndGlobalSection
	GlobalSection(ProjectConfigurationPlatforms) = postSolution
		{F6E024BB-88BD-43F1-8ABF-0D8919A138BB}.Debug|Any CPU.ActiveCfg = Debug|Any CPU
		{F6E024BB-88BD-43F1-8ABF-0D8919A138BB}.Debug|Any CPU.Build.0 = Debug|Any CPU
		{F6E024BB-88BD-43F1-8ABF-0D8919A138BB}.Release|Any CPU.ActiveCfg = Release|Any CPU
		{F6E024BB-88BD-43F1-8ABF-0D8919A138BB}.Release|Any CPU.Build.0 = Release|Any CPU
		{C5454A42-3848-4196-9545-902E2E06B0CF}.Debug|Any CPU.ActiveCfg = Debug|Any CPU
		{C5454A42-3848-4196-9545-902E2E06B0CF}.Debug|Any CPU.Build.0 = Debug|Any CPU
		{C5454A42-3848-4196-9545-902E2E06B0CF}.Release|Any CPU.ActiveCfg = Release|Any CPU
		{C5454A42-3848-4196-9545-902E2E06B0CF}.Release|Any CPU.Build.0 = Release|Any CPU
		{D6FAC127-FDAB-4449-9A76-4B1D84236079}.Debug|Any CPU.ActiveCfg = Debug|Any CPU
		{D6FAC127-FDAB-4449-9A76-4B1D84236079}.Debug|Any CPU.Build.0 = Debug|Any CPU
		{D6FAC127-FDAB-4449-9A76-4B1D84236079}.Release|Any CPU.ActiveCfg = Release|Any CPU
		{D6FAC127-FDAB-4449-9A76-4B1D84236079}.Release|Any CPU.Build.0 = Release|Any CPU
		{25E84699-38D4-410B-80F6-0E9A3539ABC1}.Debug|Any CPU.ActiveCfg = Debug|Any CPU
		{25E84699-38D4-410B-80F6-0E9A3539ABC1}.Debug|Any CPU.Build.0 = Debug|Any CPU
		{25E84699-38D4-410B-80F6-0E9A3539ABC1}.Release|Any CPU.ActiveCfg = Release|Any CPU
		{25E84699-38D4-410B-80F6-0E9A3539ABC1}.Release|Any CPU.Build.0 = Release|Any CPU
		{C69DC7C9-4DCB-4D55-B58A-BE9B7B9D3375}.Debug|Any CPU.ActiveCfg = Debug|Any CPU
		{C69DC7C9-4DCB-4D55-B58A-BE9B7B9D3375}.Debug|Any CPU.Build.0 = Debug|Any CPU
		{C69DC7C9-4DCB-4D55-B58A-BE9B7B9D3375}.Release|Any CPU.ActiveCfg = Release|Any CPU
		{C69DC7C9-4DCB-4D55-B58A-BE9B7B9D3375}.Release|Any CPU.Build.0 = Release|Any CPU
	EndGlobalSection
	GlobalSection(SolutionProperties) = preSolution
		HideSolutionNode = FALSE
	EndGlobalSection
	GlobalSection(ExtensibilityGlobals) = postSolution
		SolutionGuid = {0F417236-72DB-4D28-9A9C-65493BA01844}
	EndGlobalSection
EndGlobal
